{
  "name": "ui",
  "version": "1.0.0",
  "lockfileVersion": 3,
  "requires": true,
  "packages": {
    "": {
      "name": "ui",
      "version": "1.0.0",
      "license": "UNLICENSED",
      "dependencies": {
        "@fortawesome/fontawesome-free": "6.7.2",
        "geonet-bootstrap": "https://static.geonet.org.nz/packages/npm/geonet-bootstrap/geonet-bootstrap-1.0.0.tgz",
        "geonet-design-system": "https://static.geonet.org.nz/packages/npm/geonet-design-system/geonet-design-system-1.0.16.tgz",
        "geonet-fonts": "https://static.geonet.org.nz/packages/npm/geonet-fonts/geonet-fonts-1.0.2.tgz"
      }
    },
    "node_modules/@fortawesome/fontawesome-free": {
      "version": "6.7.2",
      "resolved": "https://registry.npmjs.org/@fortawesome/fontawesome-free/-/fontawesome-free-6.7.2.tgz",
      "integrity": "sha512-JUOtgFW6k9u4Y+xeIaEiLr3+cjoUPiAuLXoyKOJSia6Duzb7pq+A76P9ZdPDoAoxHdHzq6gE9/jKBGXlZT8FbA==",
      "license": "(CC-BY-4.0 AND OFL-1.1 AND MIT)",
      "engines": {
        "node": ">=6"
      }
    },
    "node_modules/@popperjs/core": {
      "version": "2.11.8",
      "resolved": "https://registry.npmjs.org/@popperjs/core/-/core-2.11.8.tgz",
      "integrity": "sha512-P1st0aksCrn9sGZhp8GMYwBnQsbvAWsZAX44oXNNvLHGqAOcoVxmjZiohstwQ7SqKnbR47akdNi+uleWD8+g6A==",
      "license": "MIT",
      "funding": {
        "type": "opencollective",
        "url": "https://opencollective.com/popperjs"
      }
    },
    "node_modules/bootstrap": {
      "version": "5.1.1",
      "resolved": "https://registry.npmjs.org/bootstrap/-/bootstrap-5.1.1.tgz",
      "integrity": "sha512-/jUa4sSuDZWlDLQ1gwQQR8uoYSvLJzDd8m5o6bPKh3asLAMYVZKdRCjb1joUd5WXf0WwCNzd2EjwQQhupou0dA==",
      "license": "MIT",
      "funding": {
        "type": "opencollective",
        "url": "https://opencollective.com/bootstrap"
      },
      "peerDependencies": {
        "@popperjs/core": "^2.10.1"
      }
    },
    "node_modules/geonet-bootstrap": {
      "version": "1.0.0",
      "resolved": "https://static.geonet.org.nz/packages/npm/geonet-bootstrap/geonet-bootstrap-1.0.0.tgz",
      "integrity": "sha512-LBXRazTHte2K5gMGppIMIb0UcO8pSF3IKZAZG8VQ7MM+tEo4lWNYOAHZT5G0L2ze/BtkcV8UbSlASPBJaM8V/g==",
      "license": "ISC",
      "dependencies": {
        "@popperjs/core": "2.11.8",
        "bootstrap": "5.1.1"
      }
    },
    "node_modules/geonet-design-system": {
      "version": "1.0.16",
      "resolved": "https://static.geonet.org.nz/packages/npm/geonet-design-system/geonet-design-system-1.0.16.tgz",
      "integrity": "sha512-XUeReJB76UDQG57Zj/Tj98VP+6UpnQXU4O7sDMD6Y4Ka5Obqpq0DRxJ9gL2oIRt8isrztUr3I/KUzNGHdf5bzg==",
      "license": "ISC",
      "dependencies": {
        "geonet-bootstrap": "https://static.geonet.org.nz/packages/npm/geonet-bootstrap/geonet-bootstrap-2.2.0.tgz",
        "geonet-fonts": "https://static.geonet.org.nz/packages/npm/geonet-fonts/geonet-fonts-1.0.2.tgz"
      }
    },
    "node_modules/geonet-design-system/node_modules/bootstrap": {
      "version": "5.3.8",
      "resolved": "https://registry.npmjs.org/bootstrap/-/bootstrap-5.3.8.tgz",
      "integrity": "sha512-HP1SZDqaLDPwsNiqRqi5NcP0SSXciX2s9E+RyqJIIqGo+vJeN5AJVM98CXmW/Wux0nQ5L7jeWUdplCEf0Ee+tg==",
      "funding": [
        {
          "type": "github",
          "url": "https://github.com/sponsors/twbs"
        },
        {
          "type": "opencollective",
          "url": "https://opencollective.com/bootstrap"
        }
      ],
      "license": "MIT",
      "peerDependencies": {
        "@popperjs/core": "^2.11.8"
      }
    },
    "node_modules/geonet-design-system/node_modules/geonet-bootstrap": {
      "version": "2.2.0",
      "resolved": "https://static.geonet.org.nz/packages/npm/geonet-bootstrap/geonet-bootstrap-2.2.0.tgz",
      "integrity": "sha512-aRAut0+KshQzcA32iq0HRMg1Hm5CSnyZ4l37qtq1hWn1FByLzU3MJvO7tTONfr8WM00bgAoplClZUBjIE1VRwQ==",
      "license": "ISC",
      "dependencies": {
        "bootstrap": "5.3.8"
      }
    },
    "node_modules/geonet-fonts": {
      "version": "1.0.2",
      "resolved": "https://static.geonet.org.nz/packages/npm/geonet-fonts/geonet-fonts-1.0.2.tgz",
      "integrity": "sha512-tGh8Q/5bBHBIeOTRXGZrNRvPQni3BWNpDhPs2Kb11QsoBLLkbECyxX28ZLB5sZ0Hm6XDU7GimtzdK8/+ZJF84A==",
      "license": "ISC"
    }
  }
}
